
Microsoft Visual Studio Solution File, Format Version 12.00
# Visual Studio Version 16
VisualStudioVersion = 25.0.1706.7
MinimumVisualStudioVersion = 10.0.40219.1
Project("{FAE04EC0-301F-11D3-BF4B-00C04F79EFBC}") = "ResponseFilter", "ResponseFilter\ResponseFilter.csproj", "{59EE89A5-AD6B-4126-9661-01F922B04E2F}"
EndProject
Project("{FAE04EC0-301F-11D3-BF4B-00C04F79EFBC}") = "ResponseFilterTest", "ResponseFilterTest\ResponseFilterTest.csproj", "{C89F21DF-72E2-44C3-91A0-7AD7B8D8725B}"
EndProject
Global
	GlobalSection(SolutionConfigurationPlatforms) = preSolution
		Debug|Any CPU = Debug|Any CPU
		Release|Any CPU = Release|Any CPU
	EndGlobalSection
	GlobalSection(ProjectConfigurationPlatforms) = postSolution
		{59EE89A5-AD6B-4126-9661-01F922B04E2F}.Debug|Any CPU.ActiveCfg = Debug|Any CPU
		{59EE89A5-AD6B-4126-9661-01F922B04E2F}.Debug|Any CPU.Build.0 = Debug|Any CPU
		{59EE89A5-AD6B-4126-9661-01F922B04E2F}.Release|Any CPU.ActiveCfg = Release|Any CPU
		{59EE89A5-AD6B-4126-9661-01F922B04E2F}.Release|Any CPU.Build.0 = Release|Any CPU
		{C89F21DF-72E2-44C3-91A0-7AD7B8D8725B}.Debug|Any CPU.ActiveCfg = Debug|Any CPU
		{C89F21DF-72E2-44C3-91A0-7AD7B8D8725B}.Debug|Any CPU.Build.0 = Debug|Any CPU
		{C89F21DF-72E2-44C3-91A0-7AD7B8D8725B}.Release|Any CPU.ActiveCfg = Release|Any CPU
		{C89F21DF-72E2-44C3-91A0-7AD7B8D8725B}.Release|Any CPU.Build.0 = Release|Any CPU
	EndGlobalSection
	GlobalSection(SolutionProperties) = preSolution
		HideSolutionNode = FALSE
	EndGlobalSection
	GlobalSection(ExtensibilityGlobals) = postSolution
		SolutionGuid = {F7268AC5-1819-414C-8C6B-748E8B4D21CA}
	EndGlobalSection
EndGlobal
